
Microsoft Visual Studio Solution File, Format Version 12.00
# Visual Studio Version 17
VisualStudioVersion = 17.13.35931.197
MinimumVisualStudioVersion = 10.0.40219.1
Project("{FAE04EC0-301F-11D3-BF4B-00C04F79EFBC}") = "BlazorHRManagement.Api", "BlazorHRManagement.Api\BlazorHRManagement.Api.csproj", "{06DEC505-091B-4141-A094-1513B3CC78C5}"
EndProject
Project("{FAE04EC0-301F-11D3-BF4B-00C04F79EFBC}") = "HRManagement.Domain", "HRManagement.Domain\HRManagement.Domain.csproj", "{2C8179F5-EBC5-4FA9-9E0F-085225B3EA2F}"
EndProject
Project("{FAE04EC0-301F-11D3-BF4B-00C04F79EFBC}") = "HRManagement.Shared", "HRManagement.Shared\HRManagement.Shared.csproj", "{F93946A8-940B-48B0-91CB-93E7E5B4D16C}"
EndProject
Project("{FAE04EC0-301F-11D3-BF4B-00C04F79EFBC}") = "HRManagement.Application.Api", "HRManagement.Application.Api\HRManagement.Application.Api.csproj", "{6374EBE2-7457-46AD-809C-FF1A0B731646}"
EndProject
Project("{FAE04EC0-301F-11D3-BF4B-00C04F79EFBC}") = "HRManagement.Application.Web", "HRManagement.Application.Web\HRManagement.Application.Web.csproj", "{3011BCDA-1111-4A01-AC0F-46D6709AC8D7}"
EndProject
Project("{2150E333-8FDC-42A3-9474-1A3956D46DE8}") = "src", "src", "{02EA681E-C7D8-13C7-8484-4AC65E1B71E8}"
EndProject
Project("{2150E333-8FDC-42A3-9474-1A3956D46DE8}") = "api", "api", "{8C2BC6A1-98AD-495E-8BE0-5C09CC5271B8}"
EndProject
Project("{2150E333-8FDC-42A3-9474-1A3956D46DE8}") = "core", "core", "{B38D2B98-EEE8-486E-935D-2914B8E9B21D}"
EndProject
Project("{2150E333-8FDC-42A3-9474-1A3956D46DE8}") = "identity", "identity", "{F5285C10-170E-462E-B2B3-C0438919BEBB}"
EndProject
Project("{2150E333-8FDC-42A3-9474-1A3956D46DE8}") = "infrastructure", "infrastructure", "{07970428-9989-43A9-A092-B46DF4AA6189}"
EndProject
Project("{2150E333-8FDC-42A3-9474-1A3956D46DE8}") = "shared", "shared", "{820541E0-BE3F-4EB1-974A-34C7A99FF21B}"
EndProject
Project("{2150E333-8FDC-42A3-9474-1A3956D46DE8}") = "UI", "UI", "{19639BB8-12B5-46FF-AB27-8F0C804BA1DF}"
EndProject
Project("{2150E333-8FDC-42A3-9474-1A3956D46DE8}") = "Domain", "Domain", "{694A2F28-769E-4040-9E6E-C132CECBD117}"
EndProject
Project("{2150E333-8FDC-42A3-9474-1A3956D46DE8}") = "Application", "Application", "{807D4680-0169-4B81-8A57-A7CB35F9A64C}"
EndProject
Project("{FAE04EC0-301F-11D3-BF4B-00C04F79EFBC}") = "HRManagement.Identity.Client", "HRManagement.Identity.Client\HRManagement.Identity.Client.csproj", "{ADB649A2-EC29-4C61-9A2A-D895820B278D}"
EndProject
Project("{FAE04EC0-301F-11D3-BF4B-00C04F79EFBC}") = "HRManagement.Infrastructure.Api", "HRManagement.Infrastructure.Api\HRManagement.Infrastructure.Api.csproj", "{7BDF2CB5-D27F-4CA9-A698-EEFD5468C729}"
EndProject
Project("{FAE04EC0-301F-11D3-BF4B-00C04F79EFBC}") = "HRManagement.Infrastructure.Web", "HRManagement.Infrastructure.Web\HRManagement.Infrastructure.Web.csproj", "{DC49C6D6-3150-4DDB-9F7C-C3DC8832F4BD}"
EndProject
Project("{FAE04EC0-301F-11D3-BF4B-00C04F79EFBC}") = "HRManagement.Persistence", "HRManagement.Persistence\HRManagement.Persistence.csproj", "{3C749F8D-E5C6-44D1-B716-AE160CD46958}"
	ProjectSection(ProjectDependencies) = postProject
		{2C8179F5-EBC5-4FA9-9E0F-085225B3EA2F} = {2C8179F5-EBC5-4FA9-9E0F-085225B3EA2F}
	EndProjectSection
EndProject
Project("{2150E333-8FDC-42A3-9474-1A3956D46DE8}") = "Implementation", "Implementation", "{42C94E83-6DB8-4D23-AA38-77373C5BF33C}"
EndProject
Project("{FAE04EC0-301F-11D3-BF4B-00C04F79EFBC}") = "BlazorHRManagement.Implementation", "Implementation\BlazorHRManagement.Implementation.csproj", "{B27C4BE7-F120-44F0-BA8A-F4878099A856}"
EndProject
Project("{FAE04EC0-301F-11D3-BF4B-00C04F79EFBC}") = "HRManagement.Application.Abstraction", "HRManagement.Application.Abstraction\HRManagement.Application.Abstraction.csproj", "{838F1341-A8E7-4D1F-9DC9-9AE317719986}"
EndProject
Project("{FAE04EC0-301F-11D3-BF4B-00C04F79EFBC}") = "BlazorHRManagement.Web", "BlazorHRManagement.Web\BlazorHRManagement.Web.csproj", "{449443DF-2B2C-4803-ABD6-F41B192DB89F}"
EndProject
Project("{FAE04EC0-301F-11D3-BF4B-00C04F79EFBC}") = "BlazorHRManagement.UI.Components", "BlazorHRManagement.UI.Components\BlazorHRManagement.UI.Components.csproj", "{FE9B35DC-D4AD-4471-9C76-21C78001D517}"
EndProject
Global
	GlobalSection(SolutionConfigurationPlatforms) = preSolution
		Debug|Any CPU = Debug|Any CPU
		Release|Any CPU = Release|Any CPU
	EndGlobalSection
	GlobalSection(ProjectConfigurationPlatforms) = postSolution
		{06DEC505-091B-4141-A094-1513B3CC78C5}.Debug|Any CPU.ActiveCfg = Debug|Any CPU
		{06DEC505-091B-4141-A094-1513B3CC78C5}.Debug|Any CPU.Build.0 = Debug|Any CPU
		{06DEC505-091B-4141-A094-1513B3CC78C5}.Release|Any CPU.ActiveCfg = Release|Any CPU
		{06DEC505-091B-4141-A094-1513B3CC78C5}.Release|Any CPU.Build.0 = Release|Any CPU
		{2C8179F5-EBC5-4FA9-9E0F-085225B3EA2F}.Debug|Any CPU.ActiveCfg = Debug|Any CPU
		{2C8179F5-EBC5-4FA9-9E0F-085225B3EA2F}.Debug|Any CPU.Build.0 = Debug|Any CPU
		{2C8179F5-EBC5-4FA9-9E0F-085225B3EA2F}.Release|Any CPU.ActiveCfg = Release|Any CPU
		{2C8179F5-EBC5-4FA9-9E0F-085225B3EA2F}.Release|Any CPU.Build.0 = Release|Any CPU
		{F93946A8-940B-48B0-91CB-93E7E5B4D16C}.Debug|Any CPU.ActiveCfg = Debug|Any CPU
		{F93946A8-940B-48B0-91CB-93E7E5B4D16C}.Debug|Any CPU.Build.0 = Debug|Any CPU
		{F93946A8-940B-48B0-91CB-93E7E5B4D16C}.Release|Any CPU.ActiveCfg = Release|Any CPU
		{F93946A8-940B-48B0-91CB-93E7E5B4D16C}.Release|Any CPU.Build.0 = Release|Any CPU
		{6374EBE2-7457-46AD-809C-FF1A0B731646}.Debug|Any CPU.ActiveCfg = Debug|Any CPU
		{6374EBE2-7457-46AD-809C-FF1A0B731646}.Debug|Any CPU.Build.0 = Debug|Any CPU
		{6374EBE2-7457-46AD-809C-FF1A0B731646}.Release|Any CPU.ActiveCfg = Release|Any CPU
		{6374EBE2-7457-46AD-809C-FF1A0B731646}.Release|Any CPU.Build.0 = Release|Any CPU
		{3011BCDA-1111-4A01-AC0F-46D6709AC8D7}.Debug|Any CPU.ActiveCfg = Debug|Any CPU
		{3011BCDA-1111-4A01-AC0F-46D6709AC8D7}.Debug|Any CPU.Build.0 = Debug|Any CPU
		{3011BCDA-1111-4A01-AC0F-46D6709AC8D7}.Release|Any CPU.ActiveCfg = Release|Any CPU
		{3011BCDA-1111-4A01-AC0F-46D6709AC8D7}.Release|Any CPU.Build.0 = Release|Any CPU
		{ADB649A2-EC29-4C61-9A2A-D895820B278D}.Debug|Any CPU.ActiveCfg = Debug|Any CPU
		{ADB649A2-EC29-4C61-9A2A-D895820B278D}.Debug|Any CPU.Build.0 = Debug|Any CPU
		{ADB649A2-EC29-4C61-9A2A-D895820B278D}.Release|Any CPU.ActiveCfg = Release|Any CPU
		{ADB649A2-EC29-4C61-9A2A-D895820B278D}.Release|Any CPU.Build.0 = Release|Any CPU
		{7BDF2CB5-D27F-4CA9-A698-EEFD5468C729}.Debug|Any CPU.ActiveCfg = Debug|Any CPU
		{7BDF2CB5-D27F-4CA9-A698-EEFD5468C729}.Debug|Any CPU.Build.0 = Debug|Any CPU
		{7BDF2CB5-D27F-4CA9-A698-EEFD5468C729}.Release|Any CPU.ActiveCfg = Release|Any CPU
		{7BDF2CB5-D27F-4CA9-A698-EEFD5468C729}.Release|Any CPU.Build.0 = Release|Any CPU
		{DC49C6D6-3150-4DDB-9F7C-C3DC8832F4BD}.Debug|Any CPU.ActiveCfg = Debug|Any CPU
		{DC49C6D6-3150-4DDB-9F7C-C3DC8832F4BD}.Debug|Any CPU.Build.0 = Debug|Any CPU
		{DC49C6D6-3150-4DDB-9F7C-C3DC8832F4BD}.Release|Any CPU.ActiveCfg = Release|Any CPU
		{DC49C6D6-3150-4DDB-9F7C-C3DC8832F4BD}.Release|Any CPU.Build.0 = Release|Any CPU
		{3C749F8D-E5C6-44D1-B716-AE160CD46958}.Debug|Any CPU.ActiveCfg = Debug|Any CPU
		{3C749F8D-E5C6-44D1-B716-AE160CD46958}.Debug|Any CPU.Build.0 = Debug|Any CPU
		{3C749F8D-E5C6-44D1-B716-AE160CD46958}.Release|Any CPU.ActiveCfg = Release|Any CPU
		{3C749F8D-E5C6-44D1-B716-AE160CD46958}.Release|Any CPU.Build.0 = Release|Any CPU
		{B27C4BE7-F120-44F0-BA8A-F4878099A856}.Debug|Any CPU.ActiveCfg = Debug|Any CPU
		{B27C4BE7-F120-44F0-BA8A-F4878099A856}.Debug|Any CPU.Build.0 = Debug|Any CPU
		{B27C4BE7-F120-44F0-BA8A-F4878099A856}.Release|Any CPU.ActiveCfg = Release|Any CPU
		{B27C4BE7-F120-44F0-BA8A-F4878099A856}.Release|Any CPU.Build.0 = Release|Any CPU
		{838F1341-A8E7-4D1F-9DC9-9AE317719986}.Debug|Any CPU.ActiveCfg = Debug|Any CPU
		{838F1341-A8E7-4D1F-9DC9-9AE317719986}.Debug|Any CPU.Build.0 = Debug|Any CPU
		{838F1341-A8E7-4D1F-9DC9-9AE317719986}.Release|Any CPU.ActiveCfg = Release|Any CPU
		{838F1341-A8E7-4D1F-9DC9-9AE317719986}.Release|Any CPU.Build.0 = Release|Any CPU
		{449443DF-2B2C-4803-ABD6-F41B192DB89F}.Debug|Any CPU.ActiveCfg = Debug|Any CPU
		{449443DF-2B2C-4803-ABD6-F41B192DB89F}.Debug|Any CPU.Build.0 = Debug|Any CPU
		{449443DF-2B2C-4803-ABD6-F41B192DB89F}.Release|Any CPU.ActiveCfg = Release|Any CPU
		{449443DF-2B2C-4803-ABD6-F41B192DB89F}.Release|Any CPU.Build.0 = Release|Any CPU
		{FE9B35DC-D4AD-4471-9C76-21C78001D517}.Debug|Any CPU.ActiveCfg = Debug|Any CPU
		{FE9B35DC-D4AD-4471-9C76-21C78001D517}.Debug|Any CPU.Build.0 = Debug|Any CPU
		{FE9B35DC-D4AD-4471-9C76-21C78001D517}.Release|Any CPU.ActiveCfg = Release|Any CPU
		{FE9B35DC-D4AD-4471-9C76-21C78001D517}.Release|Any CPU.Build.0 = Release|Any CPU
	EndGlobalSection
	GlobalSection(SolutionProperties) = preSolution
		HideSolutionNode = FALSE
	EndGlobalSection
	GlobalSection(NestedProjects) = preSolution
		{06DEC505-091B-4141-A094-1513B3CC78C5} = {8C2BC6A1-98AD-495E-8BE0-5C09CC5271B8}
		{2C8179F5-EBC5-4FA9-9E0F-085225B3EA2F} = {694A2F28-769E-4040-9E6E-C132CECBD117}
		{F93946A8-940B-48B0-91CB-93E7E5B4D16C} = {820541E0-BE3F-4EB1-974A-34C7A99FF21B}
		{6374EBE2-7457-46AD-809C-FF1A0B731646} = {807D4680-0169-4B81-8A57-A7CB35F9A64C}
		{3011BCDA-1111-4A01-AC0F-46D6709AC8D7} = {807D4680-0169-4B81-8A57-A7CB35F9A64C}
		{8C2BC6A1-98AD-495E-8BE0-5C09CC5271B8} = {02EA681E-C7D8-13C7-8484-4AC65E1B71E8}
		{B38D2B98-EEE8-486E-935D-2914B8E9B21D} = {02EA681E-C7D8-13C7-8484-4AC65E1B71E8}
		{F5285C10-170E-462E-B2B3-C0438919BEBB} = {02EA681E-C7D8-13C7-8484-4AC65E1B71E8}
		{07970428-9989-43A9-A092-B46DF4AA6189} = {02EA681E-C7D8-13C7-8484-4AC65E1B71E8}
		{820541E0-BE3F-4EB1-974A-34C7A99FF21B} = {02EA681E-C7D8-13C7-8484-4AC65E1B71E8}
		{19639BB8-12B5-46FF-AB27-8F0C804BA1DF} = {02EA681E-C7D8-13C7-8484-4AC65E1B71E8}
		{694A2F28-769E-4040-9E6E-C132CECBD117} = {B38D2B98-EEE8-486E-935D-2914B8E9B21D}
		{807D4680-0169-4B81-8A57-A7CB35F9A64C} = {B38D2B98-EEE8-486E-935D-2914B8E9B21D}
		{ADB649A2-EC29-4C61-9A2A-D895820B278D} = {F5285C10-170E-462E-B2B3-C0438919BEBB}
		{7BDF2CB5-D27F-4CA9-A698-EEFD5468C729} = {07970428-9989-43A9-A092-B46DF4AA6189}
		{DC49C6D6-3150-4DDB-9F7C-C3DC8832F4BD} = {07970428-9989-43A9-A092-B46DF4AA6189}
		{3C749F8D-E5C6-44D1-B716-AE160CD46958} = {07970428-9989-43A9-A092-B46DF4AA6189}
		{42C94E83-6DB8-4D23-AA38-77373C5BF33C} = {02EA681E-C7D8-13C7-8484-4AC65E1B71E8}
		{B27C4BE7-F120-44F0-BA8A-F4878099A856} = {42C94E83-6DB8-4D23-AA38-77373C5BF33C}
		{838F1341-A8E7-4D1F-9DC9-9AE317719986} = {807D4680-0169-4B81-8A57-A7CB35F9A64C}
		{449443DF-2B2C-4803-ABD6-F41B192DB89F} = {19639BB8-12B5-46FF-AB27-8F0C804BA1DF}
		{FE9B35DC-D4AD-4471-9C76-21C78001D517} = {19639BB8-12B5-46FF-AB27-8F0C804BA1DF}
	EndGlobalSection
	GlobalSection(ExtensibilityGlobals) = postSolution
		SolutionGuid = {76653F11-FCC2-41D0-B4D2-47085CAEC227}
	EndGlobalSection
EndGlobal
